// !$*UTF8*$!
{
	archiveVersion = 1;
	classes = {
	};
	objectVersion = 56;
	objects = {

/* Begin PBXBuildFile section */
		5B13A4742943075B001F8AEA /* AppDelegate.swift in Sources */ = {isa = PBXBuildFile; fileRef = 5B13A4732943075B001F8AEA /* AppDelegate.swift */; };
		5B13A4762943075B001F8AEA /* SceneDelegate.swift in Sources */ = {isa = PBXBuildFile; fileRef = 5B13A4752943075B001F8AEA /* SceneDelegate.swift */; };
		5B13A4782943075B001F8AEA /* MovieQuizViewController.swift in Sources */ = {isa = PBXBuildFile; fileRef = 5B13A4772943075B001F8AEA /* MovieQuizViewController.swift */; };
		5B13A47D2943075B001F8AEA /* Assets.xcassets in Resources */ = {isa = PBXBuildFile; fileRef = 5B13A47C2943075B001F8AEA /* Assets.xcassets */; };
		5B13A4802943075B001F8AEA /* LaunchScreen.storyboard in Resources */ = {isa = PBXBuildFile; fileRef = 5B13A47E2943075B001F8AEA /* LaunchScreen.storyboard */; };
		5B13A48B2943075B001F8AEA /* MovieQuizTests.swift in Sources */ = {isa = PBXBuildFile; fileRef = 5B13A48A2943075B001F8AEA /* MovieQuizTests.swift */; };
		5B13A4952943075B001F8AEA /* MovieQuizUITests.swift in Sources */ = {isa = PBXBuildFile; fileRef = 5B13A4942943075B001F8AEA /* MovieQuizUITests.swift */; };
		5B13A4972943075B001F8AEA /* MovieQuizUITestsLaunchTests.swift in Sources */ = {isa = PBXBuildFile; fileRef = 5B13A4962943075B001F8AEA /* MovieQuizUITestsLaunchTests.swift */; };
		5B13A4A929430BA5001F8AEA /* YS Display-Bold.ttf in Resources */ = {isa = PBXBuildFile; fileRef = 5B13A4A729430BA5001F8AEA /* YS Display-Bold.ttf */; };
		5B13A4AA29430BA5001F8AEA /* YS Display-Medium.ttf in Resources */ = {isa = PBXBuildFile; fileRef = 5B13A4A829430BA5001F8AEA /* YS Display-Medium.ttf */; };
		5B13A4AC29430E30001F8AEA /* UIColor+extension.swift in Sources */ = {isa = PBXBuildFile; fileRef = 5B13A4AB29430E30001F8AEA /* UIColor+extension.swift */; };
		5B13A4AF294312ED001F8AEA /* UIFont+extension.swift in Sources */ = {isa = PBXBuildFile; fileRef = 5B13A4AE294312ED001F8AEA /* UIFont+extension.swift */; };
		5B13A4B4294317D3001F8AEA /* .gitignore in Resources */ = {isa = PBXBuildFile; fileRef = 5B13A4B3294317D3001F8AEA /* .gitignore */; };
		5B13A4B62947073C001F8AEA /* Storage.swift in Sources */ = {isa = PBXBuildFile; fileRef = 5B13A4B52947073C001F8AEA /* Storage.swift */; };
		5B13A4B829471EBB001F8AEA /* MovieQuizScreen.swift in Sources */ = {isa = PBXBuildFile; fileRef = 5B13A4B729471EBB001F8AEA /* MovieQuizScreen.swift */; };
		5B13A4BC29472E3C001F8AEA /* QuizStepViewModel.swift in Sources */ = {isa = PBXBuildFile; fileRef = 5B13A4BB29472E3C001F8AEA /* QuizStepViewModel.swift */; };
		5B13A4BE29472E96001F8AEA /* QuizResultsViewModel.swift in Sources */ = {isa = PBXBuildFile; fileRef = 5B13A4BD29472E96001F8AEA /* QuizResultsViewModel.swift */; };
		5B13A4C029472ECD001F8AEA /* QuizQuestion.swift in Sources */ = {isa = PBXBuildFile; fileRef = 5B13A4BF29472ECD001F8AEA /* QuizQuestion.swift */; };
		5B13A4C229472FEF001F8AEA /* MockData.swift in Sources */ = {isa = PBXBuildFile; fileRef = 5B13A4C129472FEF001F8AEA /* MockData.swift */; };
		5B13A4C4294731AC001F8AEA /* MovieQuizPresenter.swift in Sources */ = {isa = PBXBuildFile; fileRef = 5B13A4C3294731AC001F8AEA /* MovieQuizPresenter.swift */; };
		5B13A4C629484FCD001F8AEA /* MovieQuizViewControllerProtocol.swift in Sources */ = {isa = PBXBuildFile; fileRef = 5B13A4C529484FCD001F8AEA /* MovieQuizViewControllerProtocol.swift */; };
		5B6C7A1229485892009E23BD /* AlertModel.swift in Sources */ = {isa = PBXBuildFile; fileRef = 5B6C7A1129485892009E23BD /* AlertModel.swift */; };
		5B6C7A142948590A009E23BD /* AlertPresenterProtocol.swift in Sources */ = {isa = PBXBuildFile; fileRef = 5B6C7A132948590A009E23BD /* AlertPresenterProtocol.swift */; };
		5B6C7A162948594B009E23BD /* AlertPresenterDelegate.swift in Sources */ = {isa = PBXBuildFile; fileRef = 5B6C7A152948594B009E23BD /* AlertPresenterDelegate.swift */; };
		5B6C7A18294859CE009E23BD /* AlertPresenter.swift in Sources */ = {isa = PBXBuildFile; fileRef = 5B6C7A17294859CE009E23BD /* AlertPresenter.swift */; };
		5B6C7A1A2948703A009E23BD /* QuiestionFactoryProtocol.swift in Sources */ = {isa = PBXBuildFile; fileRef = 5B6C7A192948703A009E23BD /* QuiestionFactoryProtocol.swift */; };
		5B6C7A1C2948707C009E23BD /* QuestionFactoryDelegate.swift in Sources */ = {isa = PBXBuildFile; fileRef = 5B6C7A1B2948707C009E23BD /* QuestionFactoryDelegate.swift */; };
		5B6C7A1E294870B4009E23BD /* QuestionFactory.swift in Sources */ = {isa = PBXBuildFile; fileRef = 5B6C7A1D294870B4009E23BD /* QuestionFactory.swift */; };
		5B6C7A202948729A009E23BD /* Collection+extension.swift in Sources */ = {isa = PBXBuildFile; fileRef = 5B6C7A1F2948729A009E23BD /* Collection+extension.swift */; };
/* End PBXBuildFile section */

/* Begin PBXContainerItemProxy section */
		5B13A4872943075B001F8AEA /* PBXContainerItemProxy */ = {
			isa = PBXContainerItemProxy;
			containerPortal = 5B13A4682943075B001F8AEA /* Project object */;
			proxyType = 1;
			remoteGlobalIDString = 5B13A46F2943075B001F8AEA;
			remoteInfo = MovieQuiz;
		};
		5B13A4912943075B001F8AEA /* PBXContainerItemProxy */ = {
			isa = PBXContainerItemProxy;
			containerPortal = 5B13A4682943075B001F8AEA /* Project object */;
			proxyType = 1;
			remoteGlobalIDString = 5B13A46F2943075B001F8AEA;
			remoteInfo = MovieQuiz;
		};
/* End PBXContainerItemProxy section */

/* Begin PBXFileReference section */
		5B13A4702943075B001F8AEA /* MovieQuiz.app */ = {isa = PBXFileReference; explicitFileType = wrapper.application; includeInIndex = 0; path = MovieQuiz.app; sourceTree = BUILT_PRODUCTS_DIR; };
		5B13A4732943075B001F8AEA /* AppDelegate.swift */ = {isa = PBXFileReference; lastKnownFileType = sourcecode.swift; path = AppDelegate.swift; sourceTree = "<group>"; };
		5B13A4752943075B001F8AEA /* SceneDelegate.swift */ = {isa = PBXFileReference; lastKnownFileType = sourcecode.swift; path = SceneDelegate.swift; sourceTree = "<group>"; };
		5B13A4772943075B001F8AEA /* MovieQuizViewController.swift */ = {isa = PBXFileReference; lastKnownFileType = sourcecode.swift; path = MovieQuizViewController.swift; sourceTree = "<group>"; };
		5B13A47C2943075B001F8AEA /* Assets.xcassets */ = {isa = PBXFileReference; lastKnownFileType = folder.assetcatalog; path = Assets.xcassets; sourceTree = "<group>"; };
		5B13A47F2943075B001F8AEA /* Base */ = {isa = PBXFileReference; lastKnownFileType = file.storyboard; name = Base; path = Base.lproj/LaunchScreen.storyboard; sourceTree = "<group>"; };
		5B13A4812943075B001F8AEA /* Info.plist */ = {isa = PBXFileReference; lastKnownFileType = text.plist.xml; path = Info.plist; sourceTree = "<group>"; };
		5B13A4862943075B001F8AEA /* MovieQuizTests.xctest */ = {isa = PBXFileReference; explicitFileType = wrapper.cfbundle; includeInIndex = 0; path = MovieQuizTests.xctest; sourceTree = BUILT_PRODUCTS_DIR; };
		5B13A48A2943075B001F8AEA /* MovieQuizTests.swift */ = {isa = PBXFileReference; lastKnownFileType = sourcecode.swift; path = MovieQuizTests.swift; sourceTree = "<group>"; };
		5B13A4902943075B001F8AEA /* MovieQuizUITests.xctest */ = {isa = PBXFileReference; explicitFileType = wrapper.cfbundle; includeInIndex = 0; path = MovieQuizUITests.xctest; sourceTree = BUILT_PRODUCTS_DIR; };
		5B13A4942943075B001F8AEA /* MovieQuizUITests.swift */ = {isa = PBXFileReference; lastKnownFileType = sourcecode.swift; path = MovieQuizUITests.swift; sourceTree = "<group>"; };
		5B13A4962943075B001F8AEA /* MovieQuizUITestsLaunchTests.swift */ = {isa = PBXFileReference; lastKnownFileType = sourcecode.swift; path = MovieQuizUITestsLaunchTests.swift; sourceTree = "<group>"; };
		5B13A4A729430BA5001F8AEA /* YS Display-Bold.ttf */ = {isa = PBXFileReference; lastKnownFileType = file; path = "YS Display-Bold.ttf"; sourceTree = "<group>"; };
		5B13A4A829430BA5001F8AEA /* YS Display-Medium.ttf */ = {isa = PBXFileReference; lastKnownFileType = file; path = "YS Display-Medium.ttf"; sourceTree = "<group>"; };
		5B13A4AB29430E30001F8AEA /* UIColor+extension.swift */ = {isa = PBXFileReference; lastKnownFileType = sourcecode.swift; path = "UIColor+extension.swift"; sourceTree = "<group>"; };
		5B13A4AE294312ED001F8AEA /* UIFont+extension.swift */ = {isa = PBXFileReference; lastKnownFileType = sourcecode.swift; path = "UIFont+extension.swift"; sourceTree = "<group>"; };
		5B13A4B3294317D3001F8AEA /* .gitignore */ = {isa = PBXFileReference; lastKnownFileType = text; path = .gitignore; sourceTree = "<group>"; };
		5B13A4B52947073C001F8AEA /* Storage.swift */ = {isa = PBXFileReference; lastKnownFileType = sourcecode.swift; path = Storage.swift; sourceTree = "<group>"; };
		5B13A4B729471EBB001F8AEA /* MovieQuizScreen.swift */ = {isa = PBXFileReference; lastKnownFileType = sourcecode.swift; path = MovieQuizScreen.swift; sourceTree = "<group>"; };
		5B13A4BB29472E3C001F8AEA /* QuizStepViewModel.swift */ = {isa = PBXFileReference; lastKnownFileType = sourcecode.swift; path = QuizStepViewModel.swift; sourceTree = "<group>"; };
		5B13A4BD29472E96001F8AEA /* QuizResultsViewModel.swift */ = {isa = PBXFileReference; lastKnownFileType = sourcecode.swift; path = QuizResultsViewModel.swift; sourceTree = "<group>"; };
		5B13A4BF29472ECD001F8AEA /* QuizQuestion.swift */ = {isa = PBXFileReference; lastKnownFileType = sourcecode.swift; path = QuizQuestion.swift; sourceTree = "<group>"; };
		5B13A4C129472FEF001F8AEA /* MockData.swift */ = {isa = PBXFileReference; lastKnownFileType = sourcecode.swift; path = MockData.swift; sourceTree = "<group>"; };
		5B13A4C3294731AC001F8AEA /* MovieQuizPresenter.swift */ = {isa = PBXFileReference; lastKnownFileType = sourcecode.swift; path = MovieQuizPresenter.swift; sourceTree = "<group>"; };
		5B13A4C529484FCD001F8AEA /* MovieQuizViewControllerProtocol.swift */ = {isa = PBXFileReference; lastKnownFileType = sourcecode.swift; path = MovieQuizViewControllerProtocol.swift; sourceTree = "<group>"; };
		5B6C7A1129485892009E23BD /* AlertModel.swift */ = {isa = PBXFileReference; lastKnownFileType = sourcecode.swift; path = AlertModel.swift; sourceTree = "<group>"; };
		5B6C7A132948590A009E23BD /* AlertPresenterProtocol.swift */ = {isa = PBXFileReference; lastKnownFileType = sourcecode.swift; path = AlertPresenterProtocol.swift; sourceTree = "<group>"; };
		5B6C7A152948594B009E23BD /* AlertPresenterDelegate.swift */ = {isa = PBXFileReference; lastKnownFileType = sourcecode.swift; path = AlertPresenterDelegate.swift; sourceTree = "<group>"; };
		5B6C7A17294859CE009E23BD /* AlertPresenter.swift */ = {isa = PBXFileReference; lastKnownFileType = sourcecode.swift; path = AlertPresenter.swift; sourceTree = "<group>"; };
		5B6C7A192948703A009E23BD /* QuiestionFactoryProtocol.swift */ = {isa = PBXFileReference; lastKnownFileType = sourcecode.swift; path = QuiestionFactoryProtocol.swift; sourceTree = "<group>"; };
		5B6C7A1B2948707C009E23BD /* QuestionFactoryDelegate.swift */ = {isa = PBXFileReference; lastKnownFileType = sourcecode.swift; path = QuestionFactoryDelegate.swift; sourceTree = "<group>"; };
		5B6C7A1D294870B4009E23BD /* QuestionFactory.swift */ = {isa = PBXFileReference; lastKnownFileType = sourcecode.swift; path = QuestionFactory.swift; sourceTree = "<group>"; };
		5B6C7A1F2948729A009E23BD /* Collection+extension.swift */ = {isa = PBXFileReference; lastKnownFileType = sourcecode.swift; path = "Collection+extension.swift"; sourceTree = "<group>"; };
/* End PBXFileReference section */

/* Begin PBXFrameworksBuildPhase section */
		5B13A46D2943075B001F8AEA /* Frameworks */ = {
			isa = PBXFrameworksBuildPhase;
			buildActionMask = 2147483647;
			files = (
			);
			runOnlyForDeploymentPostprocessing = 0;
		};
		5B13A4832943075B001F8AEA /* Frameworks */ = {
			isa = PBXFrameworksBuildPhase;
			buildActionMask = 2147483647;
			files = (
			);
			runOnlyForDeploymentPostprocessing = 0;
		};
		5B13A48D2943075B001F8AEA /* Frameworks */ = {
			isa = PBXFrameworksBuildPhase;
			buildActionMask = 2147483647;
			files = (
			);
			runOnlyForDeploymentPostprocessing = 0;
		};
/* End PBXFrameworksBuildPhase section */

/* Begin PBXGroup section */
		5B13A4672943075B001F8AEA = {
			isa = PBXGroup;
			children = (
				5B13A4B3294317D3001F8AEA /* .gitignore */,
				5B13A4722943075B001F8AEA /* MovieQuiz */,
				5B13A4892943075B001F8AEA /* MovieQuizTests */,
				5B13A4932943075B001F8AEA /* MovieQuizUITests */,
				5B13A4712943075B001F8AEA /* Products */,
			);
			sourceTree = "<group>";
		};
		5B13A4712943075B001F8AEA /* Products */ = {
			isa = PBXGroup;
			children = (
				5B13A4702943075B001F8AEA /* MovieQuiz.app */,
				5B13A4862943075B001F8AEA /* MovieQuizTests.xctest */,
				5B13A4902943075B001F8AEA /* MovieQuizUITests.xctest */,
			);
			name = Products;
			sourceTree = "<group>";
		};
		5B13A4722943075B001F8AEA /* MovieQuiz */ = {
			isa = PBXGroup;
			children = (
				5B13A4B129431707001F8AEA /* Application */,
				5B13A4B229431725001F8AEA /* Presentation */,
				5B6C7A102948582A009E23BD /* Services */,
				5B13A4BA29472E0E001F8AEA /* Models */,
				5B13A4AD29430E37001F8AEA /* Helpers */,
				5B13A4B02943146E001F8AEA /* Resources */,
			);
			path = MovieQuiz;
			sourceTree = "<group>";
		};
		5B13A4892943075B001F8AEA /* MovieQuizTests */ = {
			isa = PBXGroup;
			children = (
				5B13A48A2943075B001F8AEA /* MovieQuizTests.swift */,
			);
			path = MovieQuizTests;
			sourceTree = "<group>";
		};
		5B13A4932943075B001F8AEA /* MovieQuizUITests */ = {
			isa = PBXGroup;
			children = (
				5B13A4942943075B001F8AEA /* MovieQuizUITests.swift */,
				5B13A4962943075B001F8AEA /* MovieQuizUITestsLaunchTests.swift */,
			);
			path = MovieQuizUITests;
			sourceTree = "<group>";
		};
		5B13A4AD29430E37001F8AEA /* Helpers */ = {
			isa = PBXGroup;
			children = (
				5B13A4AB29430E30001F8AEA /* UIColor+extension.swift */,
				5B13A4AE294312ED001F8AEA /* UIFont+extension.swift */,
				5B13A4B52947073C001F8AEA /* Storage.swift */,
				5B6C7A1F2948729A009E23BD /* Collection+extension.swift */,
			);
			path = Helpers;
			sourceTree = "<group>";
		};
		5B13A4B02943146E001F8AEA /* Resources */ = {
			isa = PBXGroup;
			children = (
				5B13A47C2943075B001F8AEA /* Assets.xcassets */,
				5B13A47E2943075B001F8AEA /* LaunchScreen.storyboard */,
				5B13A4812943075B001F8AEA /* Info.plist */,
				5B13A4A729430BA5001F8AEA /* YS Display-Bold.ttf */,
				5B13A4A829430BA5001F8AEA /* YS Display-Medium.ttf */,
			);
			path = Resources;
			sourceTree = "<group>";
		};
		5B13A4B129431707001F8AEA /* Application */ = {
			isa = PBXGroup;
			children = (
				5B13A4732943075B001F8AEA /* AppDelegate.swift */,
				5B13A4752943075B001F8AEA /* SceneDelegate.swift */,
			);
			path = Application;
			sourceTree = "<group>";
		};
		5B13A4B229431725001F8AEA /* Presentation */ = {
			isa = PBXGroup;
			children = (
				5B13A4C529484FCD001F8AEA /* MovieQuizViewControllerProtocol.swift */,
				5B13A4772943075B001F8AEA /* MovieQuizViewController.swift */,
				5B13A4B729471EBB001F8AEA /* MovieQuizScreen.swift */,
				5B13A4C3294731AC001F8AEA /* MovieQuizPresenter.swift */,
				5B6C7A17294859CE009E23BD /* AlertPresenter.swift */,
			);
			path = Presentation;
			sourceTree = "<group>";
		};
		5B13A4BA29472E0E001F8AEA /* Models */ = {
			isa = PBXGroup;
			children = (
				5B13A4BB29472E3C001F8AEA /* QuizStepViewModel.swift */,
				5B13A4BD29472E96001F8AEA /* QuizResultsViewModel.swift */,
				5B13A4BF29472ECD001F8AEA /* QuizQuestion.swift */,
				5B6C7A1129485892009E23BD /* AlertModel.swift */,
			);
			path = Models;
			sourceTree = "<group>";
		};
		5B6C7A102948582A009E23BD /* Services */ = {
			isa = PBXGroup;
			children = (
				5B6C7A1D294870B4009E23BD /* QuestionFactory.swift */,
				5B6C7A192948703A009E23BD /* QuiestionFactoryProtocol.swift */,
				5B6C7A1B2948707C009E23BD /* QuestionFactoryDelegate.swift */,
				5B6C7A132948590A009E23BD /* AlertPresenterProtocol.swift */,
				5B6C7A152948594B009E23BD /* AlertPresenterDelegate.swift */,
				5B13A4C129472FEF001F8AEA /* MockData.swift */,
			);
			path = Services;
			sourceTree = "<group>";
		};
/* End PBXGroup section */

/* Begin PBXNativeTarget section */
		5B13A46F2943075B001F8AEA /* MovieQuiz */ = {
			isa = PBXNativeTarget;
			buildConfigurationList = 5B13A49A2943075B001F8AEA /* Build configuration list for PBXNativeTarget "MovieQuiz" */;
			buildPhases = (
				5B13A46C2943075B001F8AEA /* Sources */,
				5B13A46D2943075B001F8AEA /* Frameworks */,
				5B13A46E2943075B001F8AEA /* Resources */,
			);
			buildRules = (
			);
			dependencies = (
			);
			name = MovieQuiz;
			productName = MovieQuiz;
			productReference = 5B13A4702943075B001F8AEA /* MovieQuiz.app */;
			productType = "com.apple.product-type.application";
		};
		5B13A4852943075B001F8AEA /* MovieQuizTests */ = {
			isa = PBXNativeTarget;
			buildConfigurationList = 5B13A49D2943075B001F8AEA /* Build configuration list for PBXNativeTarget "MovieQuizTests" */;
			buildPhases = (
				5B13A4822943075B001F8AEA /* Sources */,
				5B13A4832943075B001F8AEA /* Frameworks */,
				5B13A4842943075B001F8AEA /* Resources */,
			);
			buildRules = (
			);
			dependencies = (
				5B13A4882943075B001F8AEA /* PBXTargetDependency */,
			);
			name = MovieQuizTests;
			productName = MovieQuizTests;
			productReference = 5B13A4862943075B001F8AEA /* MovieQuizTests.xctest */;
			productType = "com.apple.product-type.bundle.unit-test";
		};
		5B13A48F2943075B001F8AEA /* MovieQuizUITests */ = {
			isa = PBXNativeTarget;
			buildConfigurationList = 5B13A4A02943075B001F8AEA /* Build configuration list for PBXNativeTarget "MovieQuizUITests" */;
			buildPhases = (
				5B13A48C2943075B001F8AEA /* Sources */,
				5B13A48D2943075B001F8AEA /* Frameworks */,
				5B13A48E2943075B001F8AEA /* Resources */,
			);
			buildRules = (
			);
			dependencies = (
				5B13A4922943075B001F8AEA /* PBXTargetDependency */,
			);
			name = MovieQuizUITests;
			productName = MovieQuizUITests;
			productReference = 5B13A4902943075B001F8AEA /* MovieQuizUITests.xctest */;
			productType = "com.apple.product-type.bundle.ui-testing";
		};
/* End PBXNativeTarget section */

/* Begin PBXProject section */
		5B13A4682943075B001F8AEA /* Project object */ = {
			isa = PBXProject;
			attributes = {
				BuildIndependentTargetsInParallel = 1;
				LastSwiftUpdateCheck = 1410;
				LastUpgradeCheck = 1410;
				TargetAttributes = {
					5B13A46F2943075B001F8AEA = {
						CreatedOnToolsVersion = 14.1;
					};
					5B13A4852943075B001F8AEA = {
						CreatedOnToolsVersion = 14.1;
						TestTargetID = 5B13A46F2943075B001F8AEA;
					};
					5B13A48F2943075B001F8AEA = {
						CreatedOnToolsVersion = 14.1;
						TestTargetID = 5B13A46F2943075B001F8AEA;
					};
				};
			};
			buildConfigurationList = 5B13A46B2943075B001F8AEA /* Build configuration list for PBXProject "MovieQuiz" */;
			compatibilityVersion = "Xcode 14.0";
			developmentRegion = en;
			hasScannedForEncodings = 0;
			knownRegions = (
				en,
				Base,
			);
			mainGroup = 5B13A4672943075B001F8AEA;
			productRefGroup = 5B13A4712943075B001F8AEA /* Products */;
			projectDirPath = "";
			projectRoot = "";
			targets = (
				5B13A46F2943075B001F8AEA /* MovieQuiz */,
				5B13A4852943075B001F8AEA /* MovieQuizTests */,
				5B13A48F2943075B001F8AEA /* MovieQuizUITests */,
			);
		};
/* End PBXProject section */

/* Begin PBXResourcesBuildPhase section */
		5B13A46E2943075B001F8AEA /* Resources */ = {
			isa = PBXResourcesBuildPhase;
			buildActionMask = 2147483647;
			files = (
				5B13A4B4294317D3001F8AEA /* .gitignore in Resources */,
				5B13A4802943075B001F8AEA /* LaunchScreen.storyboard in Resources */,
				5B13A4AA29430BA5001F8AEA /* YS Display-Medium.ttf in Resources */,
				5B13A4A929430BA5001F8AEA /* YS Display-Bold.ttf in Resources */,
				5B13A47D2943075B001F8AEA /* Assets.xcassets in Resources */,
			);
			runOnlyForDeploymentPostprocessing = 0;
		};
		5B13A4842943075B001F8AEA /* Resources */ = {
			isa = PBXResourcesBuildPhase;
			buildActionMask = 2147483647;
			files = (
			);
			runOnlyForDeploymentPostprocessing = 0;
		};
		5B13A48E2943075B001F8AEA /* Resources */ = {
			isa = PBXResourcesBuildPhase;
			buildActionMask = 2147483647;
			files = (
			);
			runOnlyForDeploymentPostprocessing = 0;
		};
/* End PBXResourcesBuildPhase section */

/* Begin PBXSourcesBuildPhase section */
		5B13A46C2943075B001F8AEA /* Sources */ = {
			isa = PBXSourcesBuildPhase;
			buildActionMask = 2147483647;
			files = (
				5B13A4C629484FCD001F8AEA /* MovieQuizViewControllerProtocol.swift in Sources */,
				5B6C7A202948729A009E23BD /* Collection+extension.swift in Sources */,
				5B13A4B829471EBB001F8AEA /* MovieQuizScreen.swift in Sources */,
				5B6C7A162948594B009E23BD /* AlertPresenterDelegate.swift in Sources */,
				5B13A4782943075B001F8AEA /* MovieQuizViewController.swift in Sources */,
				5B13A4AF294312ED001F8AEA /* UIFont+extension.swift in Sources */,
				5B6C7A142948590A009E23BD /* AlertPresenterProtocol.swift in Sources */,
				5B6C7A1229485892009E23BD /* AlertModel.swift in Sources */,
				5B13A4BC29472E3C001F8AEA /* QuizStepViewModel.swift in Sources */,
				5B6C7A1E294870B4009E23BD /* QuestionFactory.swift in Sources */,
				5B13A4C4294731AC001F8AEA /* MovieQuizPresenter.swift in Sources */,
				5B13A4C029472ECD001F8AEA /* QuizQuestion.swift in Sources */,
				5B6C7A1A2948703A009E23BD /* QuiestionFactoryProtocol.swift in Sources */,
				5B13A4742943075B001F8AEA /* AppDelegate.swift in Sources */,
				5B6C7A1C2948707C009E23BD /* QuestionFactoryDelegate.swift in Sources */,
				5B6C7A18294859CE009E23BD /* AlertPresenter.swift in Sources */,
				5B13A4762943075B001F8AEA /* SceneDelegate.swift in Sources */,
				5B13A4AC29430E30001F8AEA /* UIColor+extension.swift in Sources */,
				5B13A4BE29472E96001F8AEA /* QuizResultsViewModel.swift in Sources */,
				5B13A4C229472FEF001F8AEA /* MockData.swift in Sources */,
				5B13A4B62947073C001F8AEA /* Storage.swift in Sources */,
			);
			runOnlyForDeploymentPostprocessing = 0;
		};
		5B13A4822943075B001F8AEA /* Sources */ = {
			isa = PBXSourcesBuildPhase;
			buildActionMask = 2147483647;
			files = (
				5B13A48B2943075B001F8AEA /* MovieQuizTests.swift in Sources */,
			);
			runOnlyForDeploymentPostprocessing = 0;
		};
		5B13A48C2943075B001F8AEA /* Sources */ = {
			isa = PBXSourcesBuildPhase;
			buildActionMask = 2147483647;
			files = (
				5B13A4972943075B001F8AEA /* MovieQuizUITestsLaunchTests.swift in Sources */,
				5B13A4952943075B001F8AEA /* MovieQuizUITests.swift in Sources */,
			);
			runOnlyForDeploymentPostprocessing = 0;
		};
/* End PBXSourcesBuildPhase section */

/* Begin PBXTargetDependency section */
		5B13A4882943075B001F8AEA /* PBXTargetDependency */ = {
			isa = PBXTargetDependency;
			target = 5B13A46F2943075B001F8AEA /* MovieQuiz */;
			targetProxy = 5B13A4872943075B001F8AEA /* PBXContainerItemProxy */;
		};
		5B13A4922943075B001F8AEA /* PBXTargetDependency */ = {
			isa = PBXTargetDependency;
			target = 5B13A46F2943075B001F8AEA /* MovieQuiz */;
			targetProxy = 5B13A4912943075B001F8AEA /* PBXContainerItemProxy */;
		};
/* End PBXTargetDependency section */

/* Begin PBXVariantGroup section */
		5B13A47E2943075B001F8AEA /* LaunchScreen.storyboard */ = {
			isa = PBXVariantGroup;
			children = (
				5B13A47F2943075B001F8AEA /* Base */,
			);
			name = LaunchScreen.storyboard;
			sourceTree = "<group>";
		};
/* End PBXVariantGroup section */

/* Begin XCBuildConfiguration section */
		5B13A4982943075B001F8AEA /* Debug */ = {
			isa = XCBuildConfiguration;
			buildSettings = {
				ALWAYS_SEARCH_USER_PATHS = NO;
				CLANG_ANALYZER_NONNULL = YES;
				CLANG_ANALYZER_NUMBER_OBJECT_CONVERSION = YES_AGGRESSIVE;
				CLANG_CXX_LANGUAGE_STANDARD = "gnu++20";
				CLANG_ENABLE_MODULES = YES;
				CLANG_ENABLE_OBJC_ARC = YES;
				CLANG_ENABLE_OBJC_WEAK = YES;
				CLANG_WARN_BLOCK_CAPTURE_AUTORELEASING = YES;
				CLANG_WARN_BOOL_CONVERSION = YES;
				CLANG_WARN_COMMA = YES;
				CLANG_WARN_CONSTANT_CONVERSION = YES;
				CLANG_WARN_DEPRECATED_OBJC_IMPLEMENTATIONS = YES;
				CLANG_WARN_DIRECT_OBJC_ISA_USAGE = YES_ERROR;
				CLANG_WARN_DOCUMENTATION_COMMENTS = YES;
				CLANG_WARN_EMPTY_BODY = YES;
				CLANG_WARN_ENUM_CONVERSION = YES;
				CLANG_WARN_INFINITE_RECURSION = YES;
				CLANG_WARN_INT_CONVERSION = YES;
				CLANG_WARN_NON_LITERAL_NULL_CONVERSION = YES;
				CLANG_WARN_OBJC_IMPLICIT_RETAIN_SELF = YES;
				CLANG_WARN_OBJC_LITERAL_CONVERSION = YES;
				CLANG_WARN_OBJC_ROOT_CLASS = YES_ERROR;
				CLANG_WARN_QUOTED_INCLUDE_IN_FRAMEWORK_HEADER = YES;
				CLANG_WARN_RANGE_LOOP_ANALYSIS = YES;
				CLANG_WARN_STRICT_PROTOTYPES = YES;
				CLANG_WARN_SUSPICIOUS_MOVE = YES;
				CLANG_WARN_UNGUARDED_AVAILABILITY = YES_AGGRESSIVE;
				CLANG_WARN_UNREACHABLE_CODE = YES;
				CLANG_WARN__DUPLICATE_METHOD_MATCH = YES;
				COPY_PHASE_STRIP = NO;
				DEBUG_INFORMATION_FORMAT = dwarf;
				ENABLE_STRICT_OBJC_MSGSEND = YES;
				ENABLE_TESTABILITY = YES;
				GCC_C_LANGUAGE_STANDARD = gnu11;
				GCC_DYNAMIC_NO_PIC = NO;
				GCC_NO_COMMON_BLOCKS = YES;
				GCC_OPTIMIZATION_LEVEL = 0;
				GCC_PREPROCESSOR_DEFINITIONS = (
					"DEBUG=1",
					"$(inherited)",
				);
				GCC_WARN_64_TO_32_BIT_CONVERSION = YES;
				GCC_WARN_ABOUT_RETURN_TYPE = YES_ERROR;
				GCC_WARN_UNDECLARED_SELECTOR = YES;
				GCC_WARN_UNINITIALIZED_AUTOS = YES_AGGRESSIVE;
				GCC_WARN_UNUSED_FUNCTION = YES;
				GCC_WARN_UNUSED_VARIABLE = YES;
				INFOPLIST_FILE = "";
				IPHONEOS_DEPLOYMENT_TARGET = 16.1;
				MTL_ENABLE_DEBUG_INFO = INCLUDE_SOURCE;
				MTL_FAST_MATH = YES;
				ONLY_ACTIVE_ARCH = YES;
				SDKROOT = iphoneos;
				SWIFT_ACTIVE_COMPILATION_CONDITIONS = DEBUG;
				SWIFT_OPTIMIZATION_LEVEL = "-Onone";
			};
			name = Debug;
		};
		5B13A4992943075B001F8AEA /* Release */ = {
			isa = XCBuildConfiguration;
			buildSettings = {
				ALWAYS_SEARCH_USER_PATHS = NO;
				CLANG_ANALYZER_NONNULL = YES;
				CLANG_ANALYZER_NUMBER_OBJECT_CONVERSION = YES_AGGRESSIVE;
				CLANG_CXX_LANGUAGE_STANDARD = "gnu++20";
				CLANG_ENABLE_MODULES = YES;
				CLANG_ENABLE_OBJC_ARC = YES;
				CLANG_ENABLE_OBJC_WEAK = YES;
				CLANG_WARN_BLOCK_CAPTURE_AUTORELEASING = YES;
				CLANG_WARN_BOOL_CONVERSION = YES;
				CLANG_WARN_COMMA = YES;
				CLANG_WARN_CONSTANT_CONVERSION = YES;
				CLANG_WARN_DEPRECATED_OBJC_IMPLEMENTATIONS = YES;
				CLANG_WARN_DIRECT_OBJC_ISA_USAGE = YES_ERROR;
				CLANG_WARN_DOCUMENTATION_COMMENTS = YES;
				CLANG_WARN_EMPTY_BODY = YES;
				CLANG_WARN_ENUM_CONVERSION = YES;
				CLANG_WARN_INFINITE_RECURSION = YES;
				CLANG_WARN_INT_CONVERSION = YES;
				CLANG_WARN_NON_LITERAL_NULL_CONVERSION = YES;
				CLANG_WARN_OBJC_IMPLICIT_RETAIN_SELF = YES;
				CLANG_WARN_OBJC_LITERAL_CONVERSION = YES;
				CLANG_WARN_OBJC_ROOT_CLASS = YES_ERROR;
				CLANG_WARN_QUOTED_INCLUDE_IN_FRAMEWORK_HEADER = YES;
				CLANG_WARN_RANGE_LOOP_ANALYSIS = YES;
				CLANG_WARN_STRICT_PROTOTYPES = YES;
				CLANG_WARN_SUSPICIOUS_MOVE = YES;
				CLANG_WARN_UNGUARDED_AVAILABILITY = YES_AGGRESSIVE;
				CLANG_WARN_UNREACHABLE_CODE = YES;
				CLANG_WARN__DUPLICATE_METHOD_MATCH = YES;
				COPY_PHASE_STRIP = NO;
				DEBUG_INFORMATION_FORMAT = "dwarf-with-dsym";
				ENABLE_NS_ASSERTIONS = NO;
				ENABLE_STRICT_OBJC_MSGSEND = YES;
				GCC_C_LANGUAGE_STANDARD = gnu11;
				GCC_NO_COMMON_BLOCKS = YES;
				GCC_WARN_64_TO_32_BIT_CONVERSION = YES;
				GCC_WARN_ABOUT_RETURN_TYPE = YES_ERROR;
				GCC_WARN_UNDECLARED_SELECTOR = YES;
				GCC_WARN_UNINITIALIZED_AUTOS = YES_AGGRESSIVE;
				GCC_WARN_UNUSED_FUNCTION = YES;
				GCC_WARN_UNUSED_VARIABLE = YES;
				INFOPLIST_FILE = "";
				IPHONEOS_DEPLOYMENT_TARGET = 16.1;
				MTL_ENABLE_DEBUG_INFO = NO;
				MTL_FAST_MATH = YES;
				SDKROOT = iphoneos;
				SWIFT_COMPILATION_MODE = wholemodule;
				SWIFT_OPTIMIZATION_LEVEL = "-O";
				VALIDATE_PRODUCT = YES;
			};
			name = Release;
		};
		5B13A49B2943075B001F8AEA /* Debug */ = {
			isa = XCBuildConfiguration;
			buildSettings = {
				ASSETCATALOG_COMPILER_APPICON_NAME = AppIcon;
				ASSETCATALOG_COMPILER_GLOBAL_ACCENT_COLOR_NAME = "";
				CODE_SIGN_STYLE = Automatic;
				CURRENT_PROJECT_VERSION = 1;
				DEVELOPMENT_TEAM = KL9Y7R8H95;
				GENERATE_INFOPLIST_FILE = YES;
				INFOPLIST_FILE = MovieQuiz/Resources/Info.plist;
				INFOPLIST_KEY_UIApplicationSupportsIndirectInputEvents = YES;
				INFOPLIST_KEY_UILaunchStoryboardName = LaunchScreen;
				INFOPLIST_KEY_UISupportedInterfaceOrientations = UIInterfaceOrientationPortrait;
				INFOPLIST_KEY_UISupportedInterfaceOrientations_iPad = UIInterfaceOrientationPortraitUpsideDown;
				IPHONEOS_DEPLOYMENT_TARGET = 13.0;
				LD_RUNPATH_SEARCH_PATHS = (
					"$(inherited)",
					"@executable_path/Frameworks",
				);
				MARKETING_VERSION = 1.0;
				PRODUCT_BUNDLE_IDENTIFIER = Pussmal.MovieQuiz;
				PRODUCT_NAME = "$(TARGET_NAME)";
				SUPPORTED_PLATFORMS = "iphoneos iphonesimulator";
				SUPPORTS_MACCATALYST = NO;
				SUPPORTS_MAC_DESIGNED_FOR_IPHONE_IPAD = NO;
				SWIFT_EMIT_LOC_STRINGS = YES;
				SWIFT_VERSION = 5.0;
				TARGETED_DEVICE_FAMILY = 1;
			};
			name = Debug;
		};
		5B13A49C2943075B001F8AEA /* Release */ = {
			isa = XCBuildConfiguration;
			buildSettings = {
				ASSETCATALOG_COMPILER_APPICON_NAME = AppIcon;
				ASSETCATALOG_COMPILER_GLOBAL_ACCENT_COLOR_NAME = "";
				CODE_SIGN_STYLE = Automatic;
				CURRENT_PROJECT_VERSION = 1;
				DEVELOPMENT_TEAM = KL9Y7R8H95;
				GENERATE_INFOPLIST_FILE = YES;
				INFOPLIST_FILE = MovieQuiz/Resources/Info.plist;
				INFOPLIST_KEY_UIApplicationSupportsIndirectInputEvents = YES;
				INFOPLIST_KEY_UILaunchStoryboardName = LaunchScreen;
				INFOPLIST_KEY_UISupportedInterfaceOrientations = UIInterfaceOrientationPortrait;
				INFOPLIST_KEY_UISupportedInterfaceOrientations_iPad = UIInterfaceOrientationPortraitUpsideDown;
				IPHONEOS_DEPLOYMENT_TARGET = 13.0;
				LD_RUNPATH_SEARCH_PATHS = (
					"$(inherited)",
					"@executable_path/Frameworks",
				);
				MARKETING_VERSION = 1.0;
				PRODUCT_BUNDLE_IDENTIFIER = Pussmal.MovieQuiz;
				PRODUCT_NAME = "$(TARGET_NAME)";
				SUPPORTED_PLATFORMS = "iphoneos iphonesimulator";
				SUPPORTS_MACCATALYST = NO;
				SUPPORTS_MAC_DESIGNED_FOR_IPHONE_IPAD = NO;
				SWIFT_EMIT_LOC_STRINGS = YES;
				SWIFT_VERSION = 5.0;
				TARGETED_DEVICE_FAMILY = 1;
			};
			name = Release;
		};
		5B13A49E2943075B001F8AEA /* Debug */ = {
			isa = XCBuildConfiguration;
			buildSettings = {
				ALWAYS_EMBED_SWIFT_STANDARD_LIBRARIES = YES;
				BUNDLE_LOADER = "$(TEST_HOST)";
				CODE_SIGN_STYLE = Automatic;
				CURRENT_PROJECT_VERSION = 1;
				DEVELOPMENT_TEAM = KL9Y7R8H95;
				GENERATE_INFOPLIST_FILE = YES;
				IPHONEOS_DEPLOYMENT_TARGET = 16.1;
				MARKETING_VERSION = 1.0;
				PRODUCT_BUNDLE_IDENTIFIER = Pussmal.MovieQuizTests;
				PRODUCT_NAME = "$(TARGET_NAME)";
				SWIFT_EMIT_LOC_STRINGS = NO;
				SWIFT_VERSION = 5.0;
				TARGETED_DEVICE_FAMILY = "1,2";
				TEST_HOST = "$(BUILT_PRODUCTS_DIR)/MovieQuiz.app/$(BUNDLE_EXECUTABLE_FOLDER_PATH)/MovieQuiz";
			};
			name = Debug;
		};
		5B13A49F2943075B001F8AEA /* Release */ = {
			isa = XCBuildConfiguration;
			buildSettings = {
				ALWAYS_EMBED_SWIFT_STANDARD_LIBRARIES = YES;
				BUNDLE_LOADER = "$(TEST_HOST)";
				CODE_SIGN_STYLE = Automatic;
				CURRENT_PROJECT_VERSION = 1;
				DEVELOPMENT_TEAM = KL9Y7R8H95;
				GENERATE_INFOPLIST_FILE = YES;
				IPHONEOS_DEPLOYMENT_TARGET = 16.1;
				MARKETING_VERSION = 1.0;
				PRODUCT_BUNDLE_IDENTIFIER = Pussmal.MovieQuizTests;
				PRODUCT_NAME = "$(TARGET_NAME)";
				SWIFT_EMIT_LOC_STRINGS = NO;
				SWIFT_VERSION = 5.0;
				TARGETED_DEVICE_FAMILY = "1,2";
				TEST_HOST = "$(BUILT_PRODUCTS_DIR)/MovieQuiz.app/$(BUNDLE_EXECUTABLE_FOLDER_PATH)/MovieQuiz";
			};
			name = Release;
		};
		5B13A4A12943075B001F8AEA /* Debug */ = {
			isa = XCBuildConfiguration;
			buildSettings = {
				ALWAYS_EMBED_SWIFT_STANDARD_LIBRARIES = YES;
				CODE_SIGN_STYLE = Automatic;
				CURRENT_PROJECT_VERSION = 1;
				DEVELOPMENT_TEAM = KL9Y7R8H95;
				GENERATE_INFOPLIST_FILE = YES;
				MARKETING_VERSION = 1.0;
				PRODUCT_BUNDLE_IDENTIFIER = Pussmal.MovieQuizUITests;
				PRODUCT_NAME = "$(TARGET_NAME)";
				SWIFT_EMIT_LOC_STRINGS = NO;
				SWIFT_VERSION = 5.0;
				TARGETED_DEVICE_FAMILY = "1,2";
				TEST_TARGET_NAME = MovieQuiz;
			};
			name = Debug;
		};
		5B13A4A22943075B001F8AEA /* Release */ = {
			isa = XCBuildConfiguration;
			buildSettings = {
				ALWAYS_EMBED_SWIFT_STANDARD_LIBRARIES = YES;
				CODE_SIGN_STYLE = Automatic;
				CURRENT_PROJECT_VERSION = 1;
				DEVELOPMENT_TEAM = KL9Y7R8H95;
				GENERATE_INFOPLIST_FILE = YES;
				MARKETING_VERSION = 1.0;
				PRODUCT_BUNDLE_IDENTIFIER = Pussmal.MovieQuizUITests;
				PRODUCT_NAME = "$(TARGET_NAME)";
				SWIFT_EMIT_LOC_STRINGS = NO;
				SWIFT_VERSION = 5.0;
				TARGETED_DEVICE_FAMILY = "1,2";
				TEST_TARGET_NAME = MovieQuiz;
			};
			name = Release;
		};
/* End XCBuildConfiguration section */

/* Begin XCConfigurationList section */
		5B13A46B2943075B001F8AEA /* Build configuration list for PBXProject "MovieQuiz" */ = {
			isa = XCConfigurationList;
			buildConfigurations = (
				5B13A4982943075B001F8AEA /* Debug */,
				5B13A4992943075B001F8AEA /* Release */,
			);
			defaultConfigurationIsVisible = 0;
			defaultConfigurationName = Release;
		};
		5B13A49A2943075B001F8AEA /* Build configuration list for PBXNativeTarget "MovieQuiz" */ = {
			isa = XCConfigurationList;
			buildConfigurations = (
				5B13A49B2943075B001F8AEA /* Debug */,
				5B13A49C2943075B001F8AEA /* Release */,
			);
			defaultConfigurationIsVisible = 0;
			defaultConfigurationName = Release;
		};
		5B13A49D2943075B001F8AEA /* Build configuration list for PBXNativeTarget "MovieQuizTests" */ = {
			isa = XCConfigurationList;
			buildConfigurations = (
				5B13A49E2943075B001F8AEA /* Debug */,
				5B13A49F2943075B001F8AEA /* Release */,
			);
			defaultConfigurationIsVisible = 0;
			defaultConfigurationName = Release;
		};
		5B13A4A02943075B001F8AEA /* Build configuration list for PBXNativeTarget "MovieQuizUITests" */ = {
			isa = XCConfigurationList;
			buildConfigurations = (
				5B13A4A12943075B001F8AEA /* Debug */,
				5B13A4A22943075B001F8AEA /* Release */,
			);
			defaultConfigurationIsVisible = 0;
			defaultConfigurationName = Release;
		};
/* End XCConfigurationList section */
	};
	rootObject = 5B13A4682943075B001F8AEA /* Project object */;
}
